// !$*UTF8*$!
{
	archiveVersion = 1;
	classes = {
	};
	objectVersion = 46;
	objects = {

/* Begin PBXBuildFile section */
		59159A4518C826D6006B524F /* DeviceModel.xcdatamodeld in Sources */ = {isa = PBXBuildFile; fileRef = 59159A4318C826D6006B524F /* DeviceModel.xcdatamodeld */; };
		59159A4818C84B3C006B524F /* Device.m in Sources */ = {isa = PBXBuildFile; fileRef = 59159A4718C84B3C006B524F /* Device.m */; };
		59159A4B18C84B3C006B524F /* DeviceDetails.m in Sources */ = {isa = PBXBuildFile; fileRef = 59159A4A18C84B3C006B524F /* DeviceDetails.m */; };
		59159A8818C85B8C006B524F /* MagicalImportFunctions.m in Sources */ = {isa = PBXBuildFile; fileRef = 59159A5018C85B8C006B524F /* MagicalImportFunctions.m */; };
		59159A8918C85B8C006B524F /* NSAttributeDescription+MagicalDataImport.m in Sources */ = {isa = PBXBuildFile; fileRef = 59159A5218C85B8C006B524F /* NSAttributeDescription+MagicalDataImport.m */; };
		59159A8A18C85B8C006B524F /* NSEntityDescription+MagicalDataImport.m in Sources */ = {isa = PBXBuildFile; fileRef = 59159A5418C85B8C006B524F /* NSEntityDescription+MagicalDataImport.m */; };
		59159A8B18C85B8C006B524F /* NSNumber+MagicalDataImport.m in Sources */ = {isa = PBXBuildFile; fileRef = 59159A5618C85B8C006B524F /* NSNumber+MagicalDataImport.m */; };
		59159A8C18C85B8C006B524F /* NSObject+MagicalDataImport.m in Sources */ = {isa = PBXBuildFile; fileRef = 59159A5818C85B8C006B524F /* NSObject+MagicalDataImport.m */; };
		59159A8D18C85B8C006B524F /* NSRelationshipDescription+MagicalDataImport.m in Sources */ = {isa = PBXBuildFile; fileRef = 59159A5A18C85B8C006B524F /* NSRelationshipDescription+MagicalDataImport.m */; };
		59159A8E18C85B8C006B524F /* NSString+MagicalDataImport.m in Sources */ = {isa = PBXBuildFile; fileRef = 59159A5C18C85B8C006B524F /* NSString+MagicalDataImport.m */; };
		59159A8F18C85B8C006B524F /* NSManagedObject+MagicalAggregation.m in Sources */ = {isa = PBXBuildFile; fileRef = 59159A5F18C85B8C006B524F /* NSManagedObject+MagicalAggregation.m */; };
		59159A9018C85B8C006B524F /* NSManagedObject+MagicalDataImport.m in Sources */ = {isa = PBXBuildFile; fileRef = 59159A6118C85B8C006B524F /* NSManagedObject+MagicalDataImport.m */; };
		59159A9118C85B8C006B524F /* NSManagedObject+MagicalFinders.m in Sources */ = {isa = PBXBuildFile; fileRef = 59159A6318C85B8C006B524F /* NSManagedObject+MagicalFinders.m */; };
		59159A9218C85B8C006B524F /* NSManagedObject+MagicalRecord.m in Sources */ = {isa = PBXBuildFile; fileRef = 59159A6518C85B8C006B524F /* NSManagedObject+MagicalRecord.m */; };
		59159A9318C85B8C006B524F /* NSManagedObject+MagicalRequests.m in Sources */ = {isa = PBXBuildFile; fileRef = 59159A6718C85B8C006B524F /* NSManagedObject+MagicalRequests.m */; };
		59159A9418C85B8C006B524F /* NSManagedObjectContext+MagicalObserving.m in Sources */ = {isa = PBXBuildFile; fileRef = 59159A6A18C85B8C006B524F /* NSManagedObjectContext+MagicalObserving.m */; };
		59159A9518C85B8C006B524F /* NSManagedObjectContext+MagicalRecord.m in Sources */ = {isa = PBXBuildFile; fileRef = 59159A6C18C85B8C006B524F /* NSManagedObjectContext+MagicalRecord.m */; };
		59159A9618C85B8C006B524F /* NSManagedObjectContext+MagicalSaves.m in Sources */ = {isa = PBXBuildFile; fileRef = 59159A6E18C85B8C006B524F /* NSManagedObjectContext+MagicalSaves.m */; };
		59159A9718C85B8C006B524F /* NSManagedObjectContext+MagicalThreading.m in Sources */ = {isa = PBXBuildFile; fileRef = 59159A7018C85B8C006B524F /* NSManagedObjectContext+MagicalThreading.m */; };
		59159A9818C85B8C006B524F /* NSManagedObjectModel+MagicalRecord.m in Sources */ = {isa = PBXBuildFile; fileRef = 59159A7218C85B8C006B524F /* NSManagedObjectModel+MagicalRecord.m */; };
		59159A9918C85B8C006B524F /* NSPersistentStore+MagicalRecord.m in Sources */ = {isa = PBXBuildFile; fileRef = 59159A7418C85B8C006B524F /* NSPersistentStore+MagicalRecord.m */; };
		59159A9A18C85B8C006B524F /* NSPersistentStoreCoordinator+MagicalRecord.m in Sources */ = {isa = PBXBuildFile; fileRef = 59159A7618C85B8C006B524F /* NSPersistentStoreCoordinator+MagicalRecord.m */; };
		59159A9B18C85B8C006B524F /* MagicalRecord+Actions.m in Sources */ = {isa = PBXBuildFile; fileRef = 59159A7918C85B8C006B524F /* MagicalRecord+Actions.m */; };
		59159A9C18C85B8C006B524F /* MagicalRecord+ErrorHandling.m in Sources */ = {isa = PBXBuildFile; fileRef = 59159A7B18C85B8C006B524F /* MagicalRecord+ErrorHandling.m */; };
		59159A9D18C85B8C006B524F /* MagicalRecord+iCloud.m in Sources */ = {isa = PBXBuildFile; fileRef = 59159A7D18C85B8C006B524F /* MagicalRecord+iCloud.m */; };
		59159A9E18C85B8C006B524F /* MagicalRecord+Options.m in Sources */ = {isa = PBXBuildFile; fileRef = 59159A7F18C85B8C006B524F /* MagicalRecord+Options.m */; };
		59159A9F18C85B8C006B524F /* MagicalRecord+Setup.m in Sources */ = {isa = PBXBuildFile; fileRef = 59159A8118C85B8C006B524F /* MagicalRecord+Setup.m */; };
		59159AA018C85B8C006B524F /* MagicalRecord+ShorthandSupport.m in Sources */ = {isa = PBXBuildFile; fileRef = 59159A8318C85B8C006B524F /* MagicalRecord+ShorthandSupport.m */; };
		59159AA118C85B8C006B524F /* MagicalRecord.m in Sources */ = {isa = PBXBuildFile; fileRef = 59159A8518C85B8C006B524F /* MagicalRecord.m */; };
		59159AA318C85BA5006B524F /* CoreData.framework in Frameworks */ = {isa = PBXBuildFile; fileRef = 59159AA218C85BA5006B524F /* CoreData.framework */; };
		5989E73018C819D0002B72F8 /* ERROR.mp3 in Resources */ = {isa = PBXBuildFile; fileRef = 5989E72F18C819D0002B72F8 /* ERROR.mp3 */; };
		5989E73318C81D02002B72F8 /* JXDeviceViewController.m in Sources */ = {isa = PBXBuildFile; fileRef = 5989E73218C81D02002B72F8 /* JXDeviceViewController.m */; };
		7445617118083EE200CB9639 /* Foundation.framework in Frameworks */ = {isa = PBXBuildFile; fileRef = 7445617018083EE200CB9639 /* Foundation.framework */; };
		7445617318083EE200CB9639 /* CoreGraphics.framework in Frameworks */ = {isa = PBXBuildFile; fileRef = 7445617218083EE200CB9639 /* CoreGraphics.framework */; };
		7445617518083EE200CB9639 /* UIKit.framework in Frameworks */ = {isa = PBXBuildFile; fileRef = 7445617418083EE200CB9639 /* UIKit.framework */; };
		7445617B18083EE200CB9639 /* InfoPlist.strings in Resources */ = {isa = PBXBuildFile; fileRef = 7445617918083EE200CB9639 /* InfoPlist.strings */; };
		7445617D18083EE200CB9639 /* main.m in Sources */ = {isa = PBXBuildFile; fileRef = 7445617C18083EE200CB9639 /* main.m */; };
		7445618118083EE200CB9639 /* WEAppDelegate.m in Sources */ = {isa = PBXBuildFile; fileRef = 7445618018083EE200CB9639 /* WEAppDelegate.m */; };
		7445618418083EE200CB9639 /* Main_iPhone.storyboard in Resources */ = {isa = PBXBuildFile; fileRef = 7445618218083EE200CB9639 /* Main_iPhone.storyboard */; };
		7445618718083EE200CB9639 /* Main_iPad.storyboard in Resources */ = {isa = PBXBuildFile; fileRef = 7445618518083EE200CB9639 /* Main_iPad.storyboard */; };
		7445618A18083EE200CB9639 /* WEViewController.m in Sources */ = {isa = PBXBuildFile; fileRef = 7445618918083EE200CB9639 /* WEViewController.m */; };
		7445618C18083EE200CB9639 /* Images.xcassets in Resources */ = {isa = PBXBuildFile; fileRef = 7445618B18083EE200CB9639 /* Images.xcassets */; };
		7445619318083EE200CB9639 /* XCTest.framework in Frameworks */ = {isa = PBXBuildFile; fileRef = 7445619218083EE200CB9639 /* XCTest.framework */; };
		7445619418083EE200CB9639 /* Foundation.framework in Frameworks */ = {isa = PBXBuildFile; fileRef = 7445617018083EE200CB9639 /* Foundation.framework */; };
		7445619518083EE200CB9639 /* UIKit.framework in Frameworks */ = {isa = PBXBuildFile; fileRef = 7445617418083EE200CB9639 /* UIKit.framework */; };
		7445619D18083EE200CB9639 /* InfoPlist.strings in Resources */ = {isa = PBXBuildFile; fileRef = 7445619B18083EE200CB9639 /* InfoPlist.strings */; };
		7445619F18083EE200CB9639 /* WECodeScannerTests.m in Sources */ = {isa = PBXBuildFile; fileRef = 7445619E18083EE200CB9639 /* WECodeScannerTests.m */; };
		744561AD18083FE700CB9639 /* WECodeScannerMatchView.m in Sources */ = {isa = PBXBuildFile; fileRef = 744561A918083FE700CB9639 /* WECodeScannerMatchView.m */; };
		744561AE18083FE700CB9639 /* WECodeScannerView.m in Sources */ = {isa = PBXBuildFile; fileRef = 744561AA18083FE700CB9639 /* WECodeScannerView.m */; };
		744561B2180BEB1000CB9639 /* BEEP.mp3 in Resources */ = {isa = PBXBuildFile; fileRef = 744561B1180BEB1000CB9639 /* BEEP.mp3 */; };
		744561BD180BEB6400CB9639 /* WESoundHelper.m in Sources */ = {isa = PBXBuildFile; fileRef = 744561BC180BEB6400CB9639 /* WESoundHelper.m */; };
/* End PBXBuildFile section */

/* Begin PBXContainerItemProxy section */
		7445619618083EE200CB9639 /* PBXContainerItemProxy */ = {
			isa = PBXContainerItemProxy;
			containerPortal = 7445616518083EE200CB9639 /* Project object */;
			proxyType = 1;
			remoteGlobalIDString = 7445616C18083EE200CB9639;
			remoteInfo = WECodeScanner;
		};
/* End PBXContainerItemProxy section */

/* Begin PBXFileReference section */
		59159A4418C826D6006B524F /* DeviceModel.xcdatamodel */ = {isa = PBXFileReference; lastKnownFileType = wrapper.xcdatamodel; path = DeviceModel.xcdatamodel; sourceTree = "<group>"; };
		59159A4618C84B3C006B524F /* Device.h */ = {isa = PBXFileReference; fileEncoding = 4; lastKnownFileType = sourcecode.c.h; path = Device.h; sourceTree = "<group>"; };
		59159A4718C84B3C006B524F /* Device.m */ = {isa = PBXFileReference; fileEncoding = 4; lastKnownFileType = sourcecode.c.objc; path = Device.m; sourceTree = "<group>"; };
		59159A4918C84B3C006B524F /* DeviceDetails.h */ = {isa = PBXFileReference; fileEncoding = 4; lastKnownFileType = sourcecode.c.h; path = DeviceDetails.h; sourceTree = "<group>"; };
		59159A4A18C84B3C006B524F /* DeviceDetails.m */ = {isa = PBXFileReference; fileEncoding = 4; lastKnownFileType = sourcecode.c.objc; path = DeviceDetails.m; sourceTree = "<group>"; };
		59159A4F18C85B8C006B524F /* MagicalImportFunctions.h */ = {isa = PBXFileReference; fileEncoding = 4; lastKnownFileType = sourcecode.c.h; path = MagicalImportFunctions.h; sourceTree = "<group>"; };
		59159A5018C85B8C006B524F /* MagicalImportFunctions.m */ = {isa = PBXFileReference; fileEncoding = 4; lastKnownFileType = sourcecode.c.objc; path = MagicalImportFunctions.m; sourceTree = "<group>"; };
		59159A5118C85B8C006B524F /* NSAttributeDescription+MagicalDataImport.h */ = {isa = PBXFileReference; fileEncoding = 4; lastKnownFileType = sourcecode.c.h; path = "NSAttributeDescription+MagicalDataImport.h"; sourceTree = "<group>"; };
		59159A5218C85B8C006B524F /* NSAttributeDescription+MagicalDataImport.m */ = {isa = PBXFileReference; fileEncoding = 4; lastKnownFileType = sourcecode.c.objc; path = "NSAttributeDescription+MagicalDataImport.m"; sourceTree = "<group>"; };
		59159A5318C85B8C006B524F /* NSEntityDescription+MagicalDataImport.h */ = {isa = PBXFileReference; fileEncoding = 4; lastKnownFileType = sourcecode.c.h; path = "NSEntityDescription+MagicalDataImport.h"; sourceTree = "<group>"; };
		59159A5418C85B8C006B524F /* NSEntityDescription+MagicalDataImport.m */ = {isa = PBXFileReference; fileEncoding = 4; lastKnownFileType = sourcecode.c.objc; path = "NSEntityDescription+MagicalDataImport.m"; sourceTree = "<group>"; };
		59159A5518C85B8C006B524F /* NSNumber+MagicalDataImport.h */ = {isa = PBXFileReference; fileEncoding = 4; lastKnownFileType = sourcecode.c.h; path = "NSNumber+MagicalDataImport.h"; sourceTree = "<group>"; };
		59159A5618C85B8C006B524F /* NSNumber+MagicalDataImport.m */ = {isa = PBXFileReference; fileEncoding = 4; lastKnownFileType = sourcecode.c.objc; path = "NSNumber+MagicalDataImport.m"; sourceTree = "<group>"; };
		59159A5718C85B8C006B524F /* NSObject+MagicalDataImport.h */ = {isa = PBXFileReference; fileEncoding = 4; lastKnownFileType = sourcecode.c.h; path = "NSObject+MagicalDataImport.h"; sourceTree = "<group>"; };
		59159A5818C85B8C006B524F /* NSObject+MagicalDataImport.m */ = {isa = PBXFileReference; fileEncoding = 4; lastKnownFileType = sourcecode.c.objc; path = "NSObject+MagicalDataImport.m"; sourceTree = "<group>"; };
		59159A5918C85B8C006B524F /* NSRelationshipDescription+MagicalDataImport.h */ = {isa = PBXFileReference; fileEncoding = 4; lastKnownFileType = sourcecode.c.h; path = "NSRelationshipDescription+MagicalDataImport.h"; sourceTree = "<group>"; };
		59159A5A18C85B8C006B524F /* NSRelationshipDescription+MagicalDataImport.m */ = {isa = PBXFileReference; fileEncoding = 4; lastKnownFileType = sourcecode.c.objc; path = "NSRelationshipDescription+MagicalDataImport.m"; sourceTree = "<group>"; };
		59159A5B18C85B8C006B524F /* NSString+MagicalDataImport.h */ = {isa = PBXFileReference; fileEncoding = 4; lastKnownFileType = sourcecode.c.h; path = "NSString+MagicalDataImport.h"; sourceTree = "<group>"; };
		59159A5C18C85B8C006B524F /* NSString+MagicalDataImport.m */ = {isa = PBXFileReference; fileEncoding = 4; lastKnownFileType = sourcecode.c.objc; path = "NSString+MagicalDataImport.m"; sourceTree = "<group>"; };
		59159A5E18C85B8C006B524F /* NSManagedObject+MagicalAggregation.h */ = {isa = PBXFileReference; fileEncoding = 4; lastKnownFileType = sourcecode.c.h; path = "NSManagedObject+MagicalAggregation.h"; sourceTree = "<group>"; };
		59159A5F18C85B8C006B524F /* NSManagedObject+MagicalAggregation.m */ = {isa = PBXFileReference; fileEncoding = 4; lastKnownFileType = sourcecode.c.objc; path = "NSManagedObject+MagicalAggregation.m"; sourceTree = "<group>"; };
		59159A6018C85B8C006B524F /* NSManagedObject+MagicalDataImport.h */ = {isa = PBXFileReference; fileEncoding = 4; lastKnownFileType = sourcecode.c.h; path = "NSManagedObject+MagicalDataImport.h"; sourceTree = "<group>"; };
		59159A6118C85B8C006B524F /* NSManagedObject+MagicalDataImport.m */ = {isa = PBXFileReference; fileEncoding = 4; lastKnownFileType = sourcecode.c.objc; path = "NSManagedObject+MagicalDataImport.m"; sourceTree = "<group>"; };
		59159A6218C85B8C006B524F /* NSManagedObject+MagicalFinders.h */ = {isa = PBXFileReference; fileEncoding = 4; lastKnownFileType = sourcecode.c.h; path = "NSManagedObject+MagicalFinders.h"; sourceTree = "<group>"; };
		59159A6318C85B8C006B524F /* NSManagedObject+MagicalFinders.m */ = {isa = PBXFileReference; fileEncoding = 4; lastKnownFileType = sourcecode.c.objc; path = "NSManagedObject+MagicalFinders.m"; sourceTree = "<group>"; };
		59159A6418C85B8C006B524F /* NSManagedObject+MagicalRecord.h */ = {isa = PBXFileReference; fileEncoding = 4; lastKnownFileType = sourcecode.c.h; path = "NSManagedObject+MagicalRecord.h"; sourceTree = "<group>"; };
		59159A6518C85B8C006B524F /* NSManagedObject+MagicalRecord.m */ = {isa = PBXFileReference; fileEncoding = 4; lastKnownFileType = sourcecode.c.objc; path = "NSManagedObject+MagicalRecord.m"; sourceTree = "<group>"; };
		59159A6618C85B8C006B524F /* NSManagedObject+MagicalRequests.h */ = {isa = PBXFileReference; fileEncoding = 4; lastKnownFileType = sourcecode.c.h; path = "NSManagedObject+MagicalRequests.h"; sourceTree = "<group>"; };
		59159A6718C85B8C006B524F /* NSManagedObject+MagicalRequests.m */ = {isa = PBXFileReference; fileEncoding = 4; lastKnownFileType = sourcecode.c.objc; path = "NSManagedObject+MagicalRequests.m"; sourceTree = "<group>"; };
		59159A6918C85B8C006B524F /* NSManagedObjectContext+MagicalObserving.h */ = {isa = PBXFileReference; fileEncoding = 4; lastKnownFileType = sourcecode.c.h; path = "NSManagedObjectContext+MagicalObserving.h"; sourceTree = "<group>"; };
		59159A6A18C85B8C006B524F /* NSManagedObjectContext+MagicalObserving.m */ = {isa = PBXFileReference; fileEncoding = 4; lastKnownFileType = sourcecode.c.objc; path = "NSManagedObjectContext+MagicalObserving.m"; sourceTree = "<group>"; };
		59159A6B18C85B8C006B524F /* NSManagedObjectContext+MagicalRecord.h */ = {isa = PBXFileReference; fileEncoding = 4; lastKnownFileType = sourcecode.c.h; path = "NSManagedObjectContext+MagicalRecord.h"; sourceTree = "<group>"; };
		59159A6C18C85B8C006B524F /* NSManagedObjectContext+MagicalRecord.m */ = {isa = PBXFileReference; fileEncoding = 4; lastKnownFileType = sourcecode.c.objc; path = "NSManagedObjectContext+MagicalRecord.m"; sourceTree = "<group>"; };
		59159A6D18C85B8C006B524F /* NSManagedObjectContext+MagicalSaves.h */ = {isa = PBXFileReference; fileEncoding = 4; lastKnownFileType = sourcecode.c.h; path = "NSManagedObjectContext+MagicalSaves.h"; sourceTree = "<group>"; };
		59159A6E18C85B8C006B524F /* NSManagedObjectContext+MagicalSaves.m */ = {isa = PBXFileReference; fileEncoding = 4; lastKnownFileType = sourcecode.c.objc; path = "NSManagedObjectContext+MagicalSaves.m"; sourceTree = "<group>"; };
		59159A6F18C85B8C006B524F /* NSManagedObjectContext+MagicalThreading.h */ = {isa = PBXFileReference; fileEncoding = 4; lastKnownFileType = sourcecode.c.h; path = "NSManagedObjectContext+MagicalThreading.h"; sourceTree = "<group>"; };
		59159A7018C85B8C006B524F /* NSManagedObjectContext+MagicalThreading.m */ = {isa = PBXFileReference; fileEncoding = 4; lastKnownFileType = sourcecode.c.objc; path = "NSManagedObjectContext+MagicalThreading.m"; sourceTree = "<group>"; };
		59159A7118C85B8C006B524F /* NSManagedObjectModel+MagicalRecord.h */ = {isa = PBXFileReference; fileEncoding = 4; lastKnownFileType = sourcecode.c.h; path = "NSManagedObjectModel+MagicalRecord.h"; sourceTree = "<group>"; };
		59159A7218C85B8C006B524F /* NSManagedObjectModel+MagicalRecord.m */ = {isa = PBXFileReference; fileEncoding = 4; lastKnownFileType = sourcecode.c.objc; path = "NSManagedObjectModel+MagicalRecord.m"; sourceTree = "<group>"; };
		59159A7318C85B8C006B524F /* NSPersistentStore+MagicalRecord.h */ = {isa = PBXFileReference; fileEncoding = 4; lastKnownFileType = sourcecode.c.h; path = "NSPersistentStore+MagicalRecord.h"; sourceTree = "<group>"; };
		59159A7418C85B8C006B524F /* NSPersistentStore+MagicalRecord.m */ = {isa = PBXFileReference; fileEncoding = 4; lastKnownFileType = sourcecode.c.objc; path = "NSPersistentStore+MagicalRecord.m"; sourceTree = "<group>"; };
		59159A7518C85B8C006B524F /* NSPersistentStoreCoordinator+MagicalRecord.h */ = {isa = PBXFileReference; fileEncoding = 4; lastKnownFileType = sourcecode.c.h; path = "NSPersistentStoreCoordinator+MagicalRecord.h"; sourceTree = "<group>"; };
		59159A7618C85B8C006B524F /* NSPersistentStoreCoordinator+MagicalRecord.m */ = {isa = PBXFileReference; fileEncoding = 4; lastKnownFileType = sourcecode.c.objc; path = "NSPersistentStoreCoordinator+MagicalRecord.m"; sourceTree = "<group>"; };
		59159A7818C85B8C006B524F /* MagicalRecord+Actions.h */ = {isa = PBXFileReference; fileEncoding = 4; lastKnownFileType = sourcecode.c.h; path = "MagicalRecord+Actions.h"; sourceTree = "<group>"; };
		59159A7918C85B8C006B524F /* MagicalRecord+Actions.m */ = {isa = PBXFileReference; fileEncoding = 4; lastKnownFileType = sourcecode.c.objc; path = "MagicalRecord+Actions.m"; sourceTree = "<group>"; };
		59159A7A18C85B8C006B524F /* MagicalRecord+ErrorHandling.h */ = {isa = PBXFileReference; fileEncoding = 4; lastKnownFileType = sourcecode.c.h; path = "MagicalRecord+ErrorHandling.h"; sourceTree = "<group>"; };
		59159A7B18C85B8C006B524F /* MagicalRecord+ErrorHandling.m */ = {isa = PBXFileReference; fileEncoding = 4; lastKnownFileType = sourcecode.c.objc; path = "MagicalRecord+ErrorHandling.m"; sourceTree = "<group>"; };
		59159A7C18C85B8C006B524F /* MagicalRecord+iCloud.h */ = {isa = PBXFileReference; fileEncoding = 4; lastKnownFileType = sourcecode.c.h; path = "MagicalRecord+iCloud.h"; sourceTree = "<group>"; };
		59159A7D18C85B8C006B524F /* MagicalRecord+iCloud.m */ = {isa = PBXFileReference; fileEncoding = 4; lastKnownFileType = sourcecode.c.objc; path = "MagicalRecord+iCloud.m"; sourceTree = "<group>"; };
		59159A7E18C85B8C006B524F /* MagicalRecord+Options.h */ = {isa = PBXFileReference; fileEncoding = 4; lastKnownFileType = sourcecode.c.h; path = "MagicalRecord+Options.h"; sourceTree = "<group>"; };
		59159A7F18C85B8C006B524F /* MagicalRecord+Options.m */ = {isa = PBXFileReference; fileEncoding = 4; lastKnownFileType = sourcecode.c.objc; path = "MagicalRecord+Options.m"; sourceTree = "<group>"; };
		59159A8018C85B8C006B524F /* MagicalRecord+Setup.h */ = {isa = PBXFileReference; fileEncoding = 4; lastKnownFileType = sourcecode.c.h; path = "MagicalRecord+Setup.h"; sourceTree = "<group>"; };
		59159A8118C85B8C006B524F /* MagicalRecord+Setup.m */ = {isa = PBXFileReference; fileEncoding = 4; lastKnownFileType = sourcecode.c.objc; path = "MagicalRecord+Setup.m"; sourceTree = "<group>"; };
		59159A8218C85B8C006B524F /* MagicalRecord+ShorthandSupport.h */ = {isa = PBXFileReference; fileEncoding = 4; lastKnownFileType = sourcecode.c.h; path = "MagicalRecord+ShorthandSupport.h"; sourceTree = "<group>"; };
		59159A8318C85B8C006B524F /* MagicalRecord+ShorthandSupport.m */ = {isa = PBXFileReference; fileEncoding = 4; lastKnownFileType = sourcecode.c.objc; path = "MagicalRecord+ShorthandSupport.m"; sourceTree = "<group>"; };
		59159A8418C85B8C006B524F /* MagicalRecord.h */ = {isa = PBXFileReference; fileEncoding = 4; lastKnownFileType = sourcecode.c.h; path = MagicalRecord.h; sourceTree = "<group>"; };
		59159A8518C85B8C006B524F /* MagicalRecord.m */ = {isa = PBXFileReference; fileEncoding = 4; lastKnownFileType = sourcecode.c.objc; path = MagicalRecord.m; sourceTree = "<group>"; };
		59159A8618C85B8C006B524F /* MagicalRecordShorthand.h */ = {isa = PBXFileReference; fileEncoding = 4; lastKnownFileType = sourcecode.c.h; path = MagicalRecordShorthand.h; sourceTree = "<group>"; };
		59159A8718C85B8C006B524F /* CoreData+MagicalRecord.h */ = {isa = PBXFileReference; fileEncoding = 4; lastKnownFileType = sourcecode.c.h; path = "CoreData+MagicalRecord.h"; sourceTree = "<group>"; };
		59159AA218C85BA5006B524F /* CoreData.framework */ = {isa = PBXFileReference; lastKnownFileType = wrapper.framework; name = CoreData.framework; path = System/Library/Frameworks/CoreData.framework; sourceTree = SDKROOT; };
		5989E72F18C819D0002B72F8 /* ERROR.mp3 */ = {isa = PBXFileReference; lastKnownFileType = audio.mp3; path = ERROR.mp3; sourceTree = "<group>"; };
		5989E73118C81D02002B72F8 /* JXDeviceViewController.h */ = {isa = PBXFileReference; fileEncoding = 4; lastKnownFileType = sourcecode.c.h; name = JXDeviceViewController.h; path = ../JXDeviceViewController.h; sourceTree = "<group>"; };
		5989E73218C81D02002B72F8 /* JXDeviceViewController.m */ = {isa = PBXFileReference; fileEncoding = 4; lastKnownFileType = sourcecode.c.objc; name = JXDeviceViewController.m; path = ../JXDeviceViewController.m; sourceTree = "<group>"; };
		7445616D18083EE200CB9639 /* WECodeScanner.app */ = {isa = PBXFileReference; explicitFileType = wrapper.application; includeInIndex = 0; path = WECodeScanner.app; sourceTree = BUILT_PRODUCTS_DIR; };
		7445617018083EE200CB9639 /* Foundation.framework */ = {isa = PBXFileReference; lastKnownFileType = wrapper.framework; name = Foundation.framework; path = System/Library/Frameworks/Foundation.framework; sourceTree = SDKROOT; };
		7445617218083EE200CB9639 /* CoreGraphics.framework */ = {isa = PBXFileReference; lastKnownFileType = wrapper.framework; name = CoreGraphics.framework; path = System/Library/Frameworks/CoreGraphics.framework; sourceTree = SDKROOT; };
		7445617418083EE200CB9639 /* UIKit.framework */ = {isa = PBXFileReference; lastKnownFileType = wrapper.framework; name = UIKit.framework; path = System/Library/Frameworks/UIKit.framework; sourceTree = SDKROOT; };
		7445617818083EE200CB9639 /* WECodeScanner-Info.plist */ = {isa = PBXFileReference; lastKnownFileType = text.plist.xml; path = "WECodeScanner-Info.plist"; sourceTree = "<group>"; };
		7445617A18083EE200CB9639 /* en */ = {isa = PBXFileReference; lastKnownFileType = text.plist.strings; name = en; path = en.lproj/InfoPlist.strings; sourceTree = "<group>"; };
		7445617C18083EE200CB9639 /* main.m */ = {isa = PBXFileReference; lastKnownFileType = sourcecode.c.objc; path = main.m; sourceTree = "<group>"; };
		7445617E18083EE200CB9639 /* WECodeScanner-Prefix.pch */ = {isa = PBXFileReference; lastKnownFileType = sourcecode.c.h; path = "WECodeScanner-Prefix.pch"; sourceTree = "<group>"; };
		7445617F18083EE200CB9639 /* WEAppDelegate.h */ = {isa = PBXFileReference; lastKnownFileType = sourcecode.c.h; path = WEAppDelegate.h; sourceTree = "<group>"; };
		7445618018083EE200CB9639 /* WEAppDelegate.m */ = {isa = PBXFileReference; lastKnownFileType = sourcecode.c.objc; path = WEAppDelegate.m; sourceTree = "<group>"; };
		7445618318083EE200CB9639 /* Base */ = {isa = PBXFileReference; lastKnownFileType = file.storyboard; name = Base; path = Base.lproj/Main_iPhone.storyboard; sourceTree = "<group>"; };
		7445618618083EE200CB9639 /* Base */ = {isa = PBXFileReference; lastKnownFileType = file.storyboard; name = Base; path = Base.lproj/Main_iPad.storyboard; sourceTree = "<group>"; };
		7445618818083EE200CB9639 /* WEViewController.h */ = {isa = PBXFileReference; lastKnownFileType = sourcecode.c.h; path = WEViewController.h; sourceTree = "<group>"; };
		7445618918083EE200CB9639 /* WEViewController.m */ = {isa = PBXFileReference; lastKnownFileType = sourcecode.c.objc; path = WEViewController.m; sourceTree = "<group>"; };
		7445618B18083EE200CB9639 /* Images.xcassets */ = {isa = PBXFileReference; lastKnownFileType = folder.assetcatalog; path = Images.xcassets; sourceTree = "<group>"; };
		7445619118083EE200CB9639 /* WECodeScannerTests.xctest */ = {isa = PBXFileReference; explicitFileType = wrapper.cfbundle; includeInIndex = 0; path = WECodeScannerTests.xctest; sourceTree = BUILT_PRODUCTS_DIR; };
		7445619218083EE200CB9639 /* XCTest.framework */ = {isa = PBXFileReference; lastKnownFileType = wrapper.framework; name = XCTest.framework; path = Library/Frameworks/XCTest.framework; sourceTree = DEVELOPER_DIR; };
		7445619A18083EE200CB9639 /* WECodeScannerTests-Info.plist */ = {isa = PBXFileReference; lastKnownFileType = text.plist.xml; path = "WECodeScannerTests-Info.plist"; sourceTree = "<group>"; };
		7445619C18083EE200CB9639 /* en */ = {isa = PBXFileReference; lastKnownFileType = text.plist.strings; name = en; path = en.lproj/InfoPlist.strings; sourceTree = "<group>"; };
		7445619E18083EE200CB9639 /* WECodeScannerTests.m */ = {isa = PBXFileReference; lastKnownFileType = sourcecode.c.objc; path = WECodeScannerTests.m; sourceTree = "<group>"; };
		744561A918083FE700CB9639 /* WECodeScannerMatchView.m */ = {isa = PBXFileReference; fileEncoding = 4; lastKnownFileType = sourcecode.c.objc; path = WECodeScannerMatchView.m; sourceTree = "<group>"; };
		744561AA18083FE700CB9639 /* WECodeScannerView.m */ = {isa = PBXFileReference; fileEncoding = 4; lastKnownFileType = sourcecode.c.objc; path = WECodeScannerView.m; sourceTree = "<group>"; };
		744561AB18083FE700CB9639 /* WECodeScannerView.h */ = {isa = PBXFileReference; fileEncoding = 4; lastKnownFileType = sourcecode.c.h; path = WECodeScannerView.h; sourceTree = "<group>"; };
		744561AC18083FE700CB9639 /* WECodeScannerMatchView.h */ = {isa = PBXFileReference; fileEncoding = 4; lastKnownFileType = sourcecode.c.h; path = WECodeScannerMatchView.h; sourceTree = "<group>"; };
		744561B1180BEB1000CB9639 /* BEEP.mp3 */ = {isa = PBXFileReference; lastKnownFileType = audio.mp3; path = BEEP.mp3; sourceTree = "<group>"; };
		744561BB180BEB6400CB9639 /* WESoundHelper.h */ = {isa = PBXFileReference; fileEncoding = 4; lastKnownFileType = sourcecode.c.h; path = WESoundHelper.h; sourceTree = "<group>"; };
		744561BC180BEB6400CB9639 /* WESoundHelper.m */ = {isa = PBXFileReference; fileEncoding = 4; lastKnownFileType = sourcecode.c.objc; path = WESoundHelper.m; sourceTree = "<group>"; };
/* End PBXFileReference section */

/* Begin PBXFrameworksBuildPhase section */
		7445616A18083EE200CB9639 /* Frameworks */ = {
			isa = PBXFrameworksBuildPhase;
			buildActionMask = 2147483647;
			files = (
				59159AA318C85BA5006B524F /* CoreData.framework in Frameworks */,
				7445617318083EE200CB9639 /* CoreGraphics.framework in Frameworks */,
				7445617518083EE200CB9639 /* UIKit.framework in Frameworks */,
				7445617118083EE200CB9639 /* Foundation.framework in Frameworks */,
			);
			runOnlyForDeploymentPostprocessing = 0;
		};
		7445618E18083EE200CB9639 /* Frameworks */ = {
			isa = PBXFrameworksBuildPhase;
			buildActionMask = 2147483647;
			files = (
				7445619318083EE200CB9639 /* XCTest.framework in Frameworks */,
				7445619518083EE200CB9639 /* UIKit.framework in Frameworks */,
				7445619418083EE200CB9639 /* Foundation.framework in Frameworks */,
			);
			runOnlyForDeploymentPostprocessing = 0;
		};
/* End PBXFrameworksBuildPhase section */

/* Begin PBXGroup section */
		59159A4C18C85B8C006B524F /* MagicalRecord */ = {
			isa = PBXGroup;
			children = (
				59159A4D18C85B8C006B524F /* Categories */,
				59159A7718C85B8C006B524F /* Core */,
				59159A8718C85B8C006B524F /* CoreData+MagicalRecord.h */,
			);
			path = MagicalRecord;
			sourceTree = "<group>";
		};
		59159A4D18C85B8C006B524F /* Categories */ = {
			isa = PBXGroup;
			children = (
				59159A4E18C85B8C006B524F /* DataImport */,
				59159A5D18C85B8C006B524F /* NSManagedObject */,
				59159A6818C85B8C006B524F /* NSManagedObjectContext */,
				59159A7118C85B8C006B524F /* NSManagedObjectModel+MagicalRecord.h */,
				59159A7218C85B8C006B524F /* NSManagedObjectModel+MagicalRecord.m */,
				59159A7318C85B8C006B524F /* NSPersistentStore+MagicalRecord.h */,
				59159A7418C85B8C006B524F /* NSPersistentStore+MagicalRecord.m */,
				59159A7518C85B8C006B524F /* NSPersistentStoreCoordinator+MagicalRecord.h */,
				59159A7618C85B8C006B524F /* NSPersistentStoreCoordinator+MagicalRecord.m */,
			);
			path = Categories;
			sourceTree = "<group>";
		};
		59159A4E18C85B8C006B524F /* DataImport */ = {
			isa = PBXGroup;
			children = (
				59159A4F18C85B8C006B524F /* MagicalImportFunctions.h */,
				59159A5018C85B8C006B524F /* MagicalImportFunctions.m */,
				59159A5118C85B8C006B524F /* NSAttributeDescription+MagicalDataImport.h */,
				59159A5218C85B8C006B524F /* NSAttributeDescription+MagicalDataImport.m */,
				59159A5318C85B8C006B524F /* NSEntityDescription+MagicalDataImport.h */,
				59159A5418C85B8C006B524F /* NSEntityDescription+MagicalDataImport.m */,
				59159A5518C85B8C006B524F /* NSNumber+MagicalDataImport.h */,
				59159A5618C85B8C006B524F /* NSNumber+MagicalDataImport.m */,
				59159A5718C85B8C006B524F /* NSObject+MagicalDataImport.h */,
				59159A5818C85B8C006B524F /* NSObject+MagicalDataImport.m */,
				59159A5918C85B8C006B524F /* NSRelationshipDescription+MagicalDataImport.h */,
				59159A5A18C85B8C006B524F /* NSRelationshipDescription+MagicalDataImport.m */,
				59159A5B18C85B8C006B524F /* NSString+MagicalDataImport.h */,
				59159A5C18C85B8C006B524F /* NSString+MagicalDataImport.m */,
			);
			path = DataImport;
			sourceTree = "<group>";
		};
		59159A5D18C85B8C006B524F /* NSManagedObject */ = {
			isa = PBXGroup;
			children = (
				59159A5E18C85B8C006B524F /* NSManagedObject+MagicalAggregation.h */,
				59159A5F18C85B8C006B524F /* NSManagedObject+MagicalAggregation.m */,
				59159A6018C85B8C006B524F /* NSManagedObject+MagicalDataImport.h */,
				59159A6118C85B8C006B524F /* NSManagedObject+MagicalDataImport.m */,
				59159A6218C85B8C006B524F /* NSManagedObject+MagicalFinders.h */,
				59159A6318C85B8C006B524F /* NSManagedObject+MagicalFinders.m */,
				59159A6418C85B8C006B524F /* NSManagedObject+MagicalRecord.h */,
				59159A6518C85B8C006B524F /* NSManagedObject+MagicalRecord.m */,
				59159A6618C85B8C006B524F /* NSManagedObject+MagicalRequests.h */,
				59159A6718C85B8C006B524F /* NSManagedObject+MagicalRequests.m */,
			);
			path = NSManagedObject;
			sourceTree = "<group>";
		};
		59159A6818C85B8C006B524F /* NSManagedObjectContext */ = {
			isa = PBXGroup;
			children = (
				59159A6918C85B8C006B524F /* NSManagedObjectContext+MagicalObserving.h */,
				59159A6A18C85B8C006B524F /* NSManagedObjectContext+MagicalObserving.m */,
				59159A6B18C85B8C006B524F /* NSManagedObjectContext+MagicalRecord.h */,
				59159A6C18C85B8C006B524F /* NSManagedObjectContext+MagicalRecord.m */,
				59159A6D18C85B8C006B524F /* NSManagedObjectContext+MagicalSaves.h */,
				59159A6E18C85B8C006B524F /* NSManagedObjectContext+MagicalSaves.m */,
				59159A6F18C85B8C006B524F /* NSManagedObjectContext+MagicalThreading.h */,
				59159A7018C85B8C006B524F /* NSManagedObjectContext+MagicalThreading.m */,
			);
			path = NSManagedObjectContext;
			sourceTree = "<group>";
		};
		59159A7718C85B8C006B524F /* Core */ = {
			isa = PBXGroup;
			children = (
				59159A7818C85B8C006B524F /* MagicalRecord+Actions.h */,
				59159A7918C85B8C006B524F /* MagicalRecord+Actions.m */,
				59159A7A18C85B8C006B524F /* MagicalRecord+ErrorHandling.h */,
				59159A7B18C85B8C006B524F /* MagicalRecord+ErrorHandling.m */,
				59159A7C18C85B8C006B524F /* MagicalRecord+iCloud.h */,
				59159A7D18C85B8C006B524F /* MagicalRecord+iCloud.m */,
				59159A7E18C85B8C006B524F /* MagicalRecord+Options.h */,
				59159A7F18C85B8C006B524F /* MagicalRecord+Options.m */,
				59159A8018C85B8C006B524F /* MagicalRecord+Setup.h */,
				59159A8118C85B8C006B524F /* MagicalRecord+Setup.m */,
				59159A8218C85B8C006B524F /* MagicalRecord+ShorthandSupport.h */,
				59159A8318C85B8C006B524F /* MagicalRecord+ShorthandSupport.m */,
				59159A8418C85B8C006B524F /* MagicalRecord.h */,
				59159A8518C85B8C006B524F /* MagicalRecord.m */,
				59159A8618C85B8C006B524F /* MagicalRecordShorthand.h */,
			);
			path = Core;
			sourceTree = "<group>";
		};
		7445616418083EE200CB9639 = {
			isa = PBXGroup;
			children = (
				7445617618083EE200CB9639 /* WECodeScanner */,
				7445619818083EE200CB9639 /* WECodeScannerTests */,
				7445616F18083EE200CB9639 /* Frameworks */,
				7445616E18083EE200CB9639 /* Products */,
			);
			sourceTree = "<group>";
		};
		7445616E18083EE200CB9639 /* Products */ = {
			isa = PBXGroup;
			children = (
				7445616D18083EE200CB9639 /* WECodeScanner.app */,
				7445619118083EE200CB9639 /* WECodeScannerTests.xctest */,
			);
			name = Products;
			sourceTree = "<group>";
		};
		7445616F18083EE200CB9639 /* Frameworks */ = {
			isa = PBXGroup;
			children = (
				59159AA218C85BA5006B524F /* CoreData.framework */,
				7445617018083EE200CB9639 /* Foundation.framework */,
				7445617218083EE200CB9639 /* CoreGraphics.framework */,
				7445617418083EE200CB9639 /* UIKit.framework */,
				7445619218083EE200CB9639 /* XCTest.framework */,
			);
			name = Frameworks;
			sourceTree = "<group>";
		};
		7445617618083EE200CB9639 /* WECodeScanner */ = {
			isa = PBXGroup;
			children = (
				59159A4C18C85B8C006B524F /* MagicalRecord */,
				744561B0180BEAED00CB9639 /* Resources */,
				744561A818083EF400CB9639 /* Implementation */,
				7445617F18083EE200CB9639 /* WEAppDelegate.h */,
				7445618018083EE200CB9639 /* WEAppDelegate.m */,
				7445618218083EE200CB9639 /* Main_iPhone.storyboard */,
				7445618518083EE200CB9639 /* Main_iPad.storyboard */,
				744561BB180BEB6400CB9639 /* WESoundHelper.h */,
				744561BC180BEB6400CB9639 /* WESoundHelper.m */,
				7445618818083EE200CB9639 /* WEViewController.h */,
				7445618918083EE200CB9639 /* WEViewController.m */,
				5989E73118C81D02002B72F8 /* JXDeviceViewController.h */,
				5989E73218C81D02002B72F8 /* JXDeviceViewController.m */,
				59159A4318C826D6006B524F /* DeviceModel.xcdatamodeld */,
				59159A4918C84B3C006B524F /* DeviceDetails.h */,
				59159A4A18C84B3C006B524F /* DeviceDetails.m */,
				59159A4618C84B3C006B524F /* Device.h */,
				59159A4718C84B3C006B524F /* Device.m */,
				7445618B18083EE200CB9639 /* Images.xcassets */,
				7445617718083EE200CB9639 /* Supporting Files */,
			);
			path = WECodeScanner;
			sourceTree = "<group>";
		};
		7445617718083EE200CB9639 /* Supporting Files */ = {
			isa = PBXGroup;
			children = (
				7445617818083EE200CB9639 /* WECodeScanner-Info.plist */,
				7445617918083EE200CB9639 /* InfoPlist.strings */,
				7445617C18083EE200CB9639 /* main.m */,
				7445617E18083EE200CB9639 /* WECodeScanner-Prefix.pch */,
			);
			name = "Supporting Files";
			sourceTree = "<group>";
		};
		7445619818083EE200CB9639 /* WECodeScannerTests */ = {
			isa = PBXGroup;
			children = (
				7445619E18083EE200CB9639 /* WECodeScannerTests.m */,
				7445619918083EE200CB9639 /* Supporting Files */,
			);
			path = WECodeScannerTests;
			sourceTree = "<group>";
		};
		7445619918083EE200CB9639 /* Supporting Files */ = {
			isa = PBXGroup;
			children = (
				7445619A18083EE200CB9639 /* WECodeScannerTests-Info.plist */,
				7445619B18083EE200CB9639 /* InfoPlist.strings */,
			);
			name = "Supporting Files";
			sourceTree = "<group>";
		};
		744561A818083EF400CB9639 /* Implementation */ = {
			isa = PBXGroup;
			children = (
				744561AB18083FE700CB9639 /* WECodeScannerView.h */,
				744561AA18083FE700CB9639 /* WECodeScannerView.m */,
				744561AC18083FE700CB9639 /* WECodeScannerMatchView.h */,
				744561A918083FE700CB9639 /* WECodeScannerMatchView.m */,
			);
			name = Implementation;
			sourceTree = "<group>";
		};
		744561B0180BEAED00CB9639 /* Resources */ = {
			isa = PBXGroup;
			children = (
				5989E72F18C819D0002B72F8 /* ERROR.mp3 */,
				744561B1180BEB1000CB9639 /* BEEP.mp3 */,
			);
			name = Resources;
			sourceTree = "<group>";
		};
/* End PBXGroup section */

/* Begin PBXNativeTarget section */
		7445616C18083EE200CB9639 /* WECodeScanner */ = {
			isa = PBXNativeTarget;
			buildConfigurationList = 744561A218083EE200CB9639 /* Build configuration list for PBXNativeTarget "WECodeScanner" */;
			buildPhases = (
				7445616918083EE200CB9639 /* Sources */,
				7445616A18083EE200CB9639 /* Frameworks */,
				7445616B18083EE200CB9639 /* Resources */,
			);
			buildRules = (
			);
			dependencies = (
			);
			name = WECodeScanner;
			productName = WECodeScanner;
			productReference = 7445616D18083EE200CB9639 /* WECodeScanner.app */;
			productType = "com.apple.product-type.application";
		};
		7445619018083EE200CB9639 /* WECodeScannerTests */ = {
			isa = PBXNativeTarget;
			buildConfigurationList = 744561A518083EE200CB9639 /* Build configuration list for PBXNativeTarget "WECodeScannerTests" */;
			buildPhases = (
				7445618D18083EE200CB9639 /* Sources */,
				7445618E18083EE200CB9639 /* Frameworks */,
				7445618F18083EE200CB9639 /* Resources */,
			);
			buildRules = (
			);
			dependencies = (
				7445619718083EE200CB9639 /* PBXTargetDependency */,
			);
			name = WECodeScannerTests;
			productName = WECodeScannerTests;
			productReference = 7445619118083EE200CB9639 /* WECodeScannerTests.xctest */;
			productType = "com.apple.product-type.bundle.unit-test";
		};
/* End PBXNativeTarget section */

/* Begin PBXProject section */
		7445616518083EE200CB9639 /* Project object */ = {
			isa = PBXProject;
			attributes = {
				CLASSPREFIX = WE;
				LastUpgradeCheck = 0500;
				ORGANIZATIONNAME = "Werner IT Consultancy";
				TargetAttributes = {
					7445619018083EE200CB9639 = {
						TestTargetID = 7445616C18083EE200CB9639;
					};
				};
			};
			buildConfigurationList = 7445616818083EE200CB9639 /* Build configuration list for PBXProject "WECodeScanner" */;
			compatibilityVersion = "Xcode 3.2";
			developmentRegion = English;
			hasScannedForEncodings = 0;
			knownRegions = (
				en,
				Base,
			);
			mainGroup = 7445616418083EE200CB9639;
			productRefGroup = 7445616E18083EE200CB9639 /* Products */;
			projectDirPath = "";
			projectRoot = "";
			targets = (
				7445616C18083EE200CB9639 /* WECodeScanner */,
				7445619018083EE200CB9639 /* WECodeScannerTests */,
			);
		};
/* End PBXProject section */

/* Begin PBXResourcesBuildPhase section */
		7445616B18083EE200CB9639 /* Resources */ = {
			isa = PBXResourcesBuildPhase;
			buildActionMask = 2147483647;
			files = (
				7445618718083EE200CB9639 /* Main_iPad.storyboard in Resources */,
				5989E73018C819D0002B72F8 /* ERROR.mp3 in Resources */,
				7445618C18083EE200CB9639 /* Images.xcassets in Resources */,
				744561B2180BEB1000CB9639 /* BEEP.mp3 in Resources */,
				7445618418083EE200CB9639 /* Main_iPhone.storyboard in Resources */,
				7445617B18083EE200CB9639 /* InfoPlist.strings in Resources */,
			);
			runOnlyForDeploymentPostprocessing = 0;
		};
		7445618F18083EE200CB9639 /* Resources */ = {
			isa = PBXResourcesBuildPhase;
			buildActionMask = 2147483647;
			files = (
				7445619D18083EE200CB9639 /* InfoPlist.strings in Resources */,
			);
			runOnlyForDeploymentPostprocessing = 0;
		};
/* End PBXResourcesBuildPhase section */

/* Begin PBXSourcesBuildPhase section */
		7445616918083EE200CB9639 /* Sources */ = {
			isa = PBXSourcesBuildPhase;
			buildActionMask = 2147483647;
			files = (
				59159A8918C85B8C006B524F /* NSAttributeDescription+MagicalDataImport.m in Sources */,
				7445618A18083EE200CB9639 /* WEViewController.m in Sources */,
				59159A4518C826D6006B524F /* DeviceModel.xcdatamodeld in Sources */,
				59159A9518C85B8C006B524F /* NSManagedObjectContext+MagicalRecord.m in Sources */,
				59159A8F18C85B8C006B524F /* NSManagedObject+MagicalAggregation.m in Sources */,
				59159A4B18C84B3C006B524F /* DeviceDetails.m in Sources */,
				7445618118083EE200CB9639 /* WEAppDelegate.m in Sources */,
				59159A8B18C85B8C006B524F /* NSNumber+MagicalDataImport.m in Sources */,
				59159A4818C84B3C006B524F /* Device.m in Sources */,
				59159A9D18C85B8C006B524F /* MagicalRecord+iCloud.m in Sources */,
				59159A9118C85B8C006B524F /* NSManagedObject+MagicalFinders.m in Sources */,
				59159A8818C85B8C006B524F /* MagicalImportFunctions.m in Sources */,
				59159A9718C85B8C006B524F /* NSManagedObjectContext+MagicalThreading.m in Sources */,
				59159A9C18C85B8C006B524F /* MagicalRecord+ErrorHandling.m in Sources */,
				59159A9A18C85B8C006B524F /* NSPersistentStoreCoordinator+MagicalRecord.m in Sources */,
				744561AD18083FE700CB9639 /* WECodeScannerMatchView.m in Sources */,
				744561BD180BEB6400CB9639 /* WESoundHelper.m in Sources */,
				59159A9218C85B8C006B524F /* NSManagedObject+MagicalRecord.m in Sources */,
				59159A9018C85B8C006B524F /* NSManagedObject+MagicalDataImport.m in Sources */,
				59159A8E18C85B8C006B524F /* NSString+MagicalDataImport.m in Sources */,
				59159A8A18C85B8C006B524F /* NSEntityDescription+MagicalDataImport.m in Sources */,
				59159A9B18C85B8C006B524F /* MagicalRecord+Actions.m in Sources */,
				59159A9318C85B8C006B524F /* NSManagedObject+MagicalRequests.m in Sources */,
				59159A9618C85B8C006B524F /* NSManagedObjectContext+MagicalSaves.m in Sources */,
				59159AA018C85B8C006B524F /* MagicalRecord+ShorthandSupport.m in Sources */,
				5989E73318C81D02002B72F8 /* JXDeviceViewController.m in Sources */,
				59159A9818C85B8C006B524F /* NSManagedObjectModel+MagicalRecord.m in Sources */,
				59159A9E18C85B8C006B524F /* MagicalRecord+Options.m in Sources */,
				59159A9F18C85B8C006B524F /* MagicalRecord+Setup.m in Sources */,
				744561AE18083FE700CB9639 /* WECodeScannerView.m in Sources */,
				59159A8D18C85B8C006B524F /* NSRelationshipDescription+MagicalDataImport.m in Sources */,
				59159AA118C85B8C006B524F /* MagicalRecord.m in Sources */,
				59159A9418C85B8C006B524F /* NSManagedObjectContext+MagicalObserving.m in Sources */,
				59159A9918C85B8C006B524F /* NSPersistentStore+MagicalRecord.m in Sources */,
				7445617D18083EE200CB9639 /* main.m in Sources */,
				59159A8C18C85B8C006B524F /* NSObject+MagicalDataImport.m in Sources */,
			);
			runOnlyForDeploymentPostprocessing = 0;
		};
		7445618D18083EE200CB9639 /* Sources */ = {
			isa = PBXSourcesBuildPhase;
			buildActionMask = 2147483647;
			files = (
				7445619F18083EE200CB9639 /* WECodeScannerTests.m in Sources */,
			);
			runOnlyForDeploymentPostprocessing = 0;
		};
/* End PBXSourcesBuildPhase section */

/* Begin PBXTargetDependency section */
		7445619718083EE200CB9639 /* PBXTargetDependency */ = {
			isa = PBXTargetDependency;
			target = 7445616C18083EE200CB9639 /* WECodeScanner */;
			targetProxy = 7445619618083EE200CB9639 /* PBXContainerItemProxy */;
		};
/* End PBXTargetDependency section */

/* Begin PBXVariantGroup section */
		7445617918083EE200CB9639 /* InfoPlist.strings */ = {
			isa = PBXVariantGroup;
			children = (
				7445617A18083EE200CB9639 /* en */,
			);
			name = InfoPlist.strings;
			sourceTree = "<group>";
		};
		7445618218083EE200CB9639 /* Main_iPhone.storyboard */ = {
			isa = PBXVariantGroup;
			children = (
				7445618318083EE200CB9639 /* Base */,
			);
			name = Main_iPhone.storyboard;
			sourceTree = "<group>";
		};
		7445618518083EE200CB9639 /* Main_iPad.storyboard */ = {
			isa = PBXVariantGroup;
			children = (
				7445618618083EE200CB9639 /* Base */,
			);
			name = Main_iPad.storyboard;
			sourceTree = "<group>";
		};
		7445619B18083EE200CB9639 /* InfoPlist.strings */ = {
			isa = PBXVariantGroup;
			children = (
				7445619C18083EE200CB9639 /* en */,
			);
			name = InfoPlist.strings;
			sourceTree = "<group>";
		};
/* End PBXVariantGroup section */

/* Begin XCBuildConfiguration section */
		744561A018083EE200CB9639 /* Debug */ = {
			isa = XCBuildConfiguration;
			buildSettings = {
				ALWAYS_SEARCH_USER_PATHS = NO;
				ARCHS = "$(ARCHS_STANDARD_INCLUDING_64_BIT)";
				CLANG_CXX_LANGUAGE_STANDARD = "gnu++0x";
				CLANG_CXX_LIBRARY = "libc++";
				CLANG_ENABLE_MODULES = YES;
				CLANG_ENABLE_OBJC_ARC = YES;
				CLANG_WARN_BOOL_CONVERSION = YES;
				CLANG_WARN_CONSTANT_CONVERSION = YES;
				CLANG_WARN_DIRECT_OBJC_ISA_USAGE = YES_ERROR;
				CLANG_WARN_EMPTY_BODY = YES;
				CLANG_WARN_ENUM_CONVERSION = YES;
				CLANG_WARN_INT_CONVERSION = YES;
				CLANG_WARN_OBJC_ROOT_CLASS = YES_ERROR;
				CLANG_WARN__DUPLICATE_METHOD_MATCH = YES;
				"CODE_SIGN_IDENTITY[sdk=iphoneos*]" = "iPhone Developer";
				COPY_PHASE_STRIP = NO;
				GCC_C_LANGUAGE_STANDARD = gnu99;
				GCC_DYNAMIC_NO_PIC = NO;
				GCC_OPTIMIZATION_LEVEL = 0;
				GCC_PREPROCESSOR_DEFINITIONS = (
					"DEBUG=1",
					"$(inherited)",
				);
				GCC_SYMBOLS_PRIVATE_EXTERN = NO;
				GCC_WARN_64_TO_32_BIT_CONVERSION = YES;
				GCC_WARN_ABOUT_RETURN_TYPE = YES_ERROR;
				GCC_WARN_UNDECLARED_SELECTOR = YES;
				GCC_WARN_UNINITIALIZED_AUTOS = YES;
				GCC_WARN_UNUSED_FUNCTION = YES;
				GCC_WARN_UNUSED_VARIABLE = YES;
				IPHONEOS_DEPLOYMENT_TARGET = 7.0;
				ONLY_ACTIVE_ARCH = YES;
				SDKROOT = iphoneos;
				TARGETED_DEVICE_FAMILY = "1,2";
			};
			name = Debug;
		};
		744561A118083EE200CB9639 /* Release */ = {
			isa = XCBuildConfiguration;
			buildSettings = {
				ALWAYS_SEARCH_USER_PATHS = NO;
				ARCHS = "$(ARCHS_STANDARD_INCLUDING_64_BIT)";
				CLANG_CXX_LANGUAGE_STANDARD = "gnu++0x";
				CLANG_CXX_LIBRARY = "libc++";
				CLANG_ENABLE_MODULES = YES;
				CLANG_ENABLE_OBJC_ARC = YES;
				CLANG_WARN_BOOL_CONVERSION = YES;
				CLANG_WARN_CONSTANT_CONVERSION = YES;
				CLANG_WARN_DIRECT_OBJC_ISA_USAGE = YES_ERROR;
				CLANG_WARN_EMPTY_BODY = YES;
				CLANG_WARN_ENUM_CONVERSION = YES;
				CLANG_WARN_INT_CONVERSION = YES;
				CLANG_WARN_OBJC_ROOT_CLASS = YES_ERROR;
				CLANG_WARN__DUPLICATE_METHOD_MATCH = YES;
				"CODE_SIGN_IDENTITY[sdk=iphoneos*]" = "iPhone Developer";
				COPY_PHASE_STRIP = YES;
				ENABLE_NS_ASSERTIONS = NO;
				GCC_C_LANGUAGE_STANDARD = gnu99;
				GCC_WARN_64_TO_32_BIT_CONVERSION = YES;
				GCC_WARN_ABOUT_RETURN_TYPE = YES_ERROR;
				GCC_WARN_UNDECLARED_SELECTOR = YES;
				GCC_WARN_UNINITIALIZED_AUTOS = YES;
				GCC_WARN_UNUSED_FUNCTION = YES;
				GCC_WARN_UNUSED_VARIABLE = YES;
				IPHONEOS_DEPLOYMENT_TARGET = 7.0;
				SDKROOT = iphoneos;
				TARGETED_DEVICE_FAMILY = "1,2";
				VALIDATE_PRODUCT = YES;
			};
			name = Release;
		};
		744561A318083EE200CB9639 /* Debug */ = {
			isa = XCBuildConfiguration;
			buildSettings = {
				ASSETCATALOG_COMPILER_APPICON_NAME = AppIcon;
				ASSETCATALOG_COMPILER_LAUNCHIMAGE_NAME = LaunchImage;
				GCC_PRECOMPILE_PREFIX_HEADER = YES;
				GCC_PREFIX_HEADER = "WECodeScanner/WECodeScanner-Prefix.pch";
				INFOPLIST_FILE = "WECodeScanner/WECodeScanner-Info.plist";
				PRODUCT_NAME = "$(TARGET_NAME)";
				WRAPPER_EXTENSION = app;
			};
			name = Debug;
		};
		744561A418083EE200CB9639 /* Release */ = {
			isa = XCBuildConfiguration;
			buildSettings = {
				ASSETCATALOG_COMPILER_APPICON_NAME = AppIcon;
				ASSETCATALOG_COMPILER_LAUNCHIMAGE_NAME = LaunchImage;
				GCC_PRECOMPILE_PREFIX_HEADER = YES;
				GCC_PREFIX_HEADER = "WECodeScanner/WECodeScanner-Prefix.pch";
				INFOPLIST_FILE = "WECodeScanner/WECodeScanner-Info.plist";
				PRODUCT_NAME = "$(TARGET_NAME)";
				WRAPPER_EXTENSION = app;
			};
			name = Release;
		};
		744561A618083EE200CB9639 /* Debug */ = {
			isa = XCBuildConfiguration;
			buildSettings = {
				ARCHS = "$(ARCHS_STANDARD_INCLUDING_64_BIT)";
				BUNDLE_LOADER = "$(BUILT_PRODUCTS_DIR)/WECodeScanner.app/WECodeScanner";
				FRAMEWORK_SEARCH_PATHS = (
					"$(SDKROOT)/Developer/Library/Frameworks",
					"$(inherited)",
					"$(DEVELOPER_FRAMEWORKS_DIR)",
				);
				GCC_PRECOMPILE_PREFIX_HEADER = YES;
				GCC_PREFIX_HEADER = "WECodeScanner/WECodeScanner-Prefix.pch";
				GCC_PREPROCESSOR_DEFINITIONS = (
					"DEBUG=1",
					"$(inherited)",
				);
				INFOPLIST_FILE = "WECodeScannerTests/WECodeScannerTests-Info.plist";
				PRODUCT_NAME = "$(TARGET_NAME)";
				TEST_HOST = "$(BUNDLE_LOADER)";
				WRAPPER_EXTENSION = xctest;
			};
			name = Debug;
		};
		744561A718083EE200CB9639 /* Release */ = {
			isa = XCBuildConfiguration;
			buildSettings = {
				ARCHS = "$(ARCHS_STANDARD_INCLUDING_64_BIT)";
				BUNDLE_LOADER = "$(BUILT_PRODUCTS_DIR)/WECodeScanner.app/WECodeScanner";
				FRAMEWORK_SEARCH_PATHS = (
					"$(SDKROOT)/Developer/Library/Frameworks",
					"$(inherited)",
					"$(DEVELOPER_FRAMEWORKS_DIR)",
				);
				GCC_PRECOMPILE_PREFIX_HEADER = YES;
				GCC_PREFIX_HEADER = "WECodeScanner/WECodeScanner-Prefix.pch";
				INFOPLIST_FILE = "WECodeScannerTests/WECodeScannerTests-Info.plist";
				PRODUCT_NAME = "$(TARGET_NAME)";
				TEST_HOST = "$(BUNDLE_LOADER)";
				WRAPPER_EXTENSION = xctest;
			};
			name = Release;
		};
/* End XCBuildConfiguration section */

/* Begin XCConfigurationList section */
		7445616818083EE200CB9639 /* Build configuration list for PBXProject "WECodeScanner" */ = {
			isa = XCConfigurationList;
			buildConfigurations = (
				744561A018083EE200CB9639 /* Debug */,
				744561A118083EE200CB9639 /* Release */,
			);
			defaultConfigurationIsVisible = 0;
			defaultConfigurationName = Release;
		};
		744561A218083EE200CB9639 /* Build configuration list for PBXNativeTarget "WECodeScanner" */ = {
			isa = XCConfigurationList;
			buildConfigurations = (
				744561A318083EE200CB9639 /* Debug */,
				744561A418083EE200CB9639 /* Release */,
			);
			defaultConfigurationIsVisible = 0;
			defaultConfigurationName = Release;
		};
		744561A518083EE200CB9639 /* Build configuration list for PBXNativeTarget "WECodeScannerTests" */ = {
			isa = XCConfigurationList;
			buildConfigurations = (
				744561A618083EE200CB9639 /* Debug */,
				744561A718083EE200CB9639 /* Release */,
			);
			defaultConfigurationIsVisible = 0;
			defaultConfigurationName = Release;
		};
/* End XCConfigurationList section */

/* Begin XCVersionGroup section */
		59159A4318C826D6006B524F /* DeviceModel.xcdatamodeld */ = {
			isa = XCVersionGroup;
			children = (
				59159A4418C826D6006B524F /* DeviceModel.xcdatamodel */,
			);
			currentVersion = 59159A4418C826D6006B524F /* DeviceModel.xcdatamodel */;
			name = DeviceModel.xcdatamodeld;
			path = ../DeviceModel.xcdatamodeld;
			sourceTree = "<group>";
			versionGroupType = wrapper.xcdatamodel;
		};
/* End XCVersionGroup section */
	};
	rootObject = 7445616518083EE200CB9639 /* Project object */;
}
